
Microsoft Visual Studio Solution File, Format Version 12.00
# Visual Studio Version 17
VisualStudioVersion = 17.10.35027.167
MinimumVisualStudioVersion = 10.0.40219.1
Project("{FAE04EC0-301F-11D3-BF4B-00C04F79EFBC}") = "Auth.API", "Auth.API.csproj", "{2D492C0D-FCAE-4539-979C-F8A5B1371572}"
EndProject
Global
	GlobalSection(SolutionConfigurationPlatforms) = preSolution
		Debug|Any CPU = Debug|Any CPU
		Release|Any CPU = Release|Any CPU
	EndGlobalSection
	GlobalSection(ProjectConfigurationPlatforms) = postSolution
		{2D492C0D-FCAE-4539-979C-F8A5B1371572}.Debug|Any CPU.ActiveCfg = Debug|Any CPU
		{2D492C0D-FCAE-4539-979C-F8A5B1371572}.Debug|Any CPU.Build.0 = Debug|Any CPU
		{2D492C0D-FCAE-4539-979C-F8A5B1371572}.Release|Any CPU.ActiveCfg = Release|Any CPU
		{2D492C0D-FCAE-4539-979C-F8A5B1371572}.Release|Any CPU.Build.0 = Release|Any CPU
	EndGlobalSection
	GlobalSection(SolutionProperties) = preSolution
		HideSolutionNode = FALSE
	EndGlobalSection
	GlobalSection(ExtensibilityGlobals) = postSolution
		SolutionGuid = {A8D0CD91-0BD3-4C44-AB2A-5FB8DF243A28}
	EndGlobalSection
EndGlobal
